{
  "name": "codex-jev-router",
  "version": "0.7.1",
  "lockfileVersion": 3,
  "requires": true,
  "packages": {
    "": {
      "name": "codex-jev-router",
      "version": "0.7.1",
      "license": "MIT",
      "dependencies": {
        "jevrouter": "git+https://github.com/BillionsBobby/JevRouter.git#f944acb6530621bced023352e2358a63218bf4d9"
      }
    },
    "node_modules/jevrouter": {
      "version": "0.1.0",
      "resolved": "git+ssh://git@github.com/BillionsBobby/JevRouter.git#f944acb6530621bced023352e2358a63218bf4d9",
      "integrity": "sha512-Sv00XCZY4jJ/dl0D+iIF1euLfh72s8L0qoOnKQb25iip7EADptojIN4O+YMCMY8CihLEqe+cisfTkm/wJ2jZYg==",
      "license": "MIT",
      "dependencies": {
        "yaml": "^2.7.0"
      },
      "bin": {
        "jevrouter": "bin/jevrouter.mjs"
      },
      "engines": {
        "node": ">=20"
      }
    },
    "node_modules/yaml": {
      "version": "2.9.1",
      "resolved": "https://registry.npmjs.org/yaml/-/yaml-2.9.1.tgz",
      "integrity": "sha512-3NxN8+78OdzbT7C/WjGsyfPAtJaN3FNDsWxv7Y7mcDsT/oOmgW8BpyQQFFBnvZE3j9Y2Sdz1ULFLezL7Eb2yFw==",
      "license": "ISC",
      "bin": {
        "yaml": "bin.mjs"
      },
      "engines": {
        "node": ">= 14.6"
      },
      "funding": {
        "url": "https://github.com/sponsors/eemeli"
      }
    }
  }
}
